
Microsoft Visual Studio Solution File, Format Version 12.00
# Visual Studio Version 17
VisualStudioVersion = 17.11.35327.3
MinimumVisualStudioVersion = 10.0.40219.1
Project("{FAE04EC0-301F-11D3-BF4B-00C04F79EFBC}") = "VOTACAO", "VOTACAO.csproj", "{312334EC-4E5B-44D1-A6A7-AEA60A558D38}"
EndProject
Global
	GlobalSection(SolutionConfigurationPlatforms) = preSolution
		Debug|Any CPU = Debug|Any CPU
		Release|Any CPU = Release|Any CPU
	EndGlobalSection
	GlobalSection(ProjectConfigurationPlatforms) = postSolution
		{312334EC-4E5B-44D1-A6A7-AEA60A558D38}.Debug|Any CPU.ActiveCfg = Debug|Any CPU
		{312334EC-4E5B-44D1-A6A7-AEA60A558D38}.Debug|Any CPU.Build.0 = Debug|Any CPU
		{312334EC-4E5B-44D1-A6A7-AEA60A558D38}.Release|Any CPU.ActiveCfg = Release|Any CPU
		{312334EC-4E5B-44D1-A6A7-AEA60A558D38}.Release|Any CPU.Build.0 = Release|Any CPU
	EndGlobalSection
	GlobalSection(SolutionProperties) = preSolution
		HideSolutionNode = FALSE
	EndGlobalSection
	GlobalSection(ExtensibilityGlobals) = postSolution
		SolutionGuid = {B023A402-4A82-4151-9401-F23F6D3C2F37}
	EndGlobalSection
EndGlobal
