
Microsoft Visual Studio Solution File, Format Version 12.00
# Visual Studio Version 17
VisualStudioVersion = 17.11.35327.3
MinimumVisualStudioVersion = 10.0.40219.1
Project("{FAE04EC0-301F-11D3-BF4B-00C04F79EFBC}") = "ConsoleApp22", "ConsoleApp22.csproj", "{48F70EBF-7BFC-453E-8BD0-AA65CE8BA62F}"
EndProject
Global
	GlobalSection(SolutionConfigurationPlatforms) = preSolution
		Debug|Any CPU = Debug|Any CPU
		Release|Any CPU = Release|Any CPU
	EndGlobalSection
	GlobalSection(ProjectConfigurationPlatforms) = postSolution
		{48F70EBF-7BFC-453E-8BD0-AA65CE8BA62F}.Debug|Any CPU.ActiveCfg = Debug|Any CPU
		{48F70EBF-7BFC-453E-8BD0-AA65CE8BA62F}.Debug|Any CPU.Build.0 = Debug|Any CPU
		{48F70EBF-7BFC-453E-8BD0-AA65CE8BA62F}.Release|Any CPU.ActiveCfg = Release|Any CPU
		{48F70EBF-7BFC-453E-8BD0-AA65CE8BA62F}.Release|Any CPU.Build.0 = Release|Any CPU
	EndGlobalSection
	GlobalSection(SolutionProperties) = preSolution
		HideSolutionNode = FALSE
	EndGlobalSection
	GlobalSection(ExtensibilityGlobals) = postSolution
		SolutionGuid = {16715969-F5A0-4AC3-A239-18FD6CA59ECB}
	EndGlobalSection
EndGlobal
